
Microsoft Visual Studio Solution File, Format Version 12.00
Project("{FAE04EC0-301F-11D3-BF4B-00C04F79EFBC}") = "Accounts", "Accounts\Accounts.csproj", "{BAEBB824-9073-4E98-9316-AAEC80D25552}"
EndProject
Global
	GlobalSection(SolutionConfigurationPlatforms) = preSolution
		Debug|Any CPU = Debug|Any CPU
		Release|Any CPU = Release|Any CPU
	EndGlobalSection
	GlobalSection(ProjectConfigurationPlatforms) = postSolution
		{BAEBB824-9073-4E98-9316-AAEC80D25552}.Debug|Any CPU.ActiveCfg = Debug|Any CPU
		{BAEBB824-9073-4E98-9316-AAEC80D25552}.Debug|Any CPU.Build.0 = Debug|Any CPU
		{BAEBB824-9073-4E98-9316-AAEC80D25552}.Release|Any CPU.ActiveCfg = Release|Any CPU
		{BAEBB824-9073-4E98-9316-AAEC80D25552}.Release|Any CPU.Build.0 = Release|Any CPU
	EndGlobalSection
EndGlobal
